[[package]]
category = "main"
description = "Python library for arbitrary-precision floating-point arithmetic"
name = "mpmath"
optional = false
python-versions = "*"
version = "1.1.0"

[[package]]
category = "main"
description = "Computer algebra system (CAS) in Python"
name = "sympy"
optional = false
python-versions = ">=3.6"
version = "1.7"

[package.dependencies]
mpmath = ">=0.19"

[metadata]
content-hash = "864f1484508b24dcf7e9645589ff6f563012d3fe8919c2e7e4b1311df9277640"
python-versions = "^3.8"

[metadata.files]
mpmath = [
    {file = "mpmath-1.1.0.tar.gz", hash = "sha256:fc17abe05fbab3382b61a123c398508183406fa132e0223874578e20946499f6"},
]
sympy = [
    {file = "sympy-1.7-py3-none-any.whl", hash = "sha256:09aa4b3075e505108cb84785ba358e58a53d9596c8c71f07b613958b9150c481"},
    {file = "sympy-1.7.tar.gz", hash = "sha256:9104004669cda847f38cfd8cd16dd174952c537349dbae740fea5331d2b3a51b"},
]
